// !$*UTF8*$!
{
	archiveVersion = 1;
	classes = {
	};
	objectVersion = 56;
	objects = {

/* Begin PBXBuildFile section */
		ED144ABA296C3BC8006BA532 /* AppDelegate.swift in Sources */ = {isa = PBXBuildFile; fileRef = ED144AB9296C3BC8006BA532 /* AppDelegate.swift */; };
		ED144ABC296C3BC8006BA532 /* SceneDelegate.swift in Sources */ = {isa = PBXBuildFile; fileRef = ED144ABB296C3BC8006BA532 /* SceneDelegate.swift */; };
		ED144ABE296C3BC8006BA532 /* ViewController.swift in Sources */ = {isa = PBXBuildFile; fileRef = ED144ABD296C3BC8006BA532 /* ViewController.swift */; };
		ED144AC1296C3BC8006BA532 /* Main.storyboard in Resources */ = {isa = PBXBuildFile; fileRef = ED144ABF296C3BC8006BA532 /* Main.storyboard */; };
		ED144AC3296C3BC9006BA532 /* Assets.xcassets in Resources */ = {isa = PBXBuildFile; fileRef = ED144AC2296C3BC9006BA532 /* Assets.xcassets */; };
		ED144AC6296C3BC9006BA532 /* LaunchScreen.storyboard in Resources */ = {isa = PBXBuildFile; fileRef = ED144AC4296C3BC9006BA532 /* LaunchScreen.storyboard */; };
		ED7D1E9029781B530036695E /* IMG_4884.jpg in Resources */ = {isa = PBXBuildFile; fileRef = ED7D1E8029781B520036695E /* IMG_4884.jpg */; };
		ED7D1E9129781B530036695E /* IMG_4782.jpg in Resources */ = {isa = PBXBuildFile; fileRef = ED7D1E8129781B520036695E /* IMG_4782.jpg */; };
		ED7D1E9229781B530036695E /* IMG_4766.jpg in Resources */ = {isa = PBXBuildFile; fileRef = ED7D1E8229781B520036695E /* IMG_4766.jpg */; };
		ED7D1E9329781B530036695E /* IMG_4827.jpg in Resources */ = {isa = PBXBuildFile; fileRef = ED7D1E8329781B520036695E /* IMG_4827.jpg */; };
		ED7D1E9429781B530036695E /* IMG_4877.jpg in Resources */ = {isa = PBXBuildFile; fileRef = ED7D1E8429781B520036695E /* IMG_4877.jpg */; };
		ED7D1E9529781B530036695E /* IMG_4828.jpg in Resources */ = {isa = PBXBuildFile; fileRef = ED7D1E8529781B520036695E /* IMG_4828.jpg */; };
		ED7D1E9629781B530036695E /* IMG_4803.jpg in Resources */ = {isa = PBXBuildFile; fileRef = ED7D1E8629781B520036695E /* IMG_4803.jpg */; };
		ED7D1E9729781B530036695E /* IMG_4885.jpg in Resources */ = {isa = PBXBuildFile; fileRef = ED7D1E8729781B520036695E /* IMG_4885.jpg */; };
		ED7D1E9829781B530036695E /* IMG_4886.jpg in Resources */ = {isa = PBXBuildFile; fileRef = ED7D1E8829781B520036695E /* IMG_4886.jpg */; };
		ED7D1E9929781B530036695E /* IMG_4763.jpg in Resources */ = {isa = PBXBuildFile; fileRef = ED7D1E8929781B520036695E /* IMG_4763.jpg */; };
		ED7D1E9A29781B530036695E /* IMG_4824.jpg in Resources */ = {isa = PBXBuildFile; fileRef = ED7D1E8A29781B520036695E /* IMG_4824.jpg */; };
		ED7D1E9B29781B530036695E /* IMG_07232.jpg in Resources */ = {isa = PBXBuildFile; fileRef = ED7D1E8B29781B530036695E /* IMG_07232.jpg */; };
		ED7D1E9C29781B530036695E /* IMG_4887.jpg in Resources */ = {isa = PBXBuildFile; fileRef = ED7D1E8C29781B530036695E /* IMG_4887.jpg */; };
		ED7D1E9D29781B530036695E /* IMG_4823.jpg in Resources */ = {isa = PBXBuildFile; fileRef = ED7D1E8D29781B530036695E /* IMG_4823.jpg */; };
		ED7D1E9E29781B530036695E /* IMG_4915.jpg in Resources */ = {isa = PBXBuildFile; fileRef = ED7D1E8E29781B530036695E /* IMG_4915.jpg */; };
		ED7D1E9F29781B530036695E /* IMG_4906.jpg in Resources */ = {isa = PBXBuildFile; fileRef = ED7D1E8F29781B530036695E /* IMG_4906.jpg */; };
		EDB644CC296EDD88000C9AD4 /* Abertura193.jpg in Resources */ = {isa = PBXBuildFile; fileRef = EDB644CB296EDD88000C9AD4 /* Abertura193.jpg */; };
		EDB644D0296EDEDF000C9AD4 /* AberIMG_4924.jpg in Resources */ = {isa = PBXBuildFile; fileRef = EDB644CF296EDEDF000C9AD4 /* AberIMG_4924.jpg */; };
		EDCE029529709BA300EA599C /* DetailViewController.swift in Sources */ = {isa = PBXBuildFile; fileRef = EDCE029429709BA300EA599C /* DetailViewController.swift */; };
/* End PBXBuildFile section */

/* Begin PBXFileReference section */
		ED144AB6296C3BC8006BA532 /* MyApp.app */ = {isa = PBXFileReference; explicitFileType = wrapper.application; includeInIndex = 0; path = MyApp.app; sourceTree = BUILT_PRODUCTS_DIR; };
		ED144AB9296C3BC8006BA532 /* AppDelegate.swift */ = {isa = PBXFileReference; lastKnownFileType = sourcecode.swift; path = AppDelegate.swift; sourceTree = "<group>"; };
		ED144ABB296C3BC8006BA532 /* SceneDelegate.swift */ = {isa = PBXFileReference; lastKnownFileType = sourcecode.swift; path = SceneDelegate.swift; sourceTree = "<group>"; };
		ED144ABD296C3BC8006BA532 /* ViewController.swift */ = {isa = PBXFileReference; lastKnownFileType = sourcecode.swift; path = ViewController.swift; sourceTree = "<group>"; };
		ED144AC0296C3BC8006BA532 /* Base */ = {isa = PBXFileReference; lastKnownFileType = file.storyboard; name = Base; path = Base.lproj/Main.storyboard; sourceTree = "<group>"; };
		ED144AC2296C3BC9006BA532 /* Assets.xcassets */ = {isa = PBXFileReference; lastKnownFileType = folder.assetcatalog; path = Assets.xcassets; sourceTree = "<group>"; };
		ED144AC5296C3BC9006BA532 /* Base */ = {isa = PBXFileReference; lastKnownFileType = file.storyboard; name = Base; path = Base.lproj/LaunchScreen.storyboard; sourceTree = "<group>"; };
		ED144AC7296C3BC9006BA532 /* Info.plist */ = {isa = PBXFileReference; lastKnownFileType = text.plist.xml; path = Info.plist; sourceTree = "<group>"; };
		ED7D1E8029781B520036695E /* IMG_4884.jpg */ = {isa = PBXFileReference; lastKnownFileType = image.jpeg; path = IMG_4884.jpg; sourceTree = "<group>"; };
		ED7D1E8129781B520036695E /* IMG_4782.jpg */ = {isa = PBXFileReference; lastKnownFileType = image.jpeg; path = IMG_4782.jpg; sourceTree = "<group>"; };
		ED7D1E8229781B520036695E /* IMG_4766.jpg */ = {isa = PBXFileReference; lastKnownFileType = image.jpeg; path = IMG_4766.jpg; sourceTree = "<group>"; };
		ED7D1E8329781B520036695E /* IMG_4827.jpg */ = {isa = PBXFileReference; lastKnownFileType = image.jpeg; path = IMG_4827.jpg; sourceTree = "<group>"; };
		ED7D1E8429781B520036695E /* IMG_4877.jpg */ = {isa = PBXFileReference; lastKnownFileType = image.jpeg; path = IMG_4877.jpg; sourceTree = "<group>"; };
		ED7D1E8529781B520036695E /* IMG_4828.jpg */ = {isa = PBXFileReference; lastKnownFileType = image.jpeg; path = IMG_4828.jpg; sourceTree = "<group>"; };
		ED7D1E8629781B520036695E /* IMG_4803.jpg */ = {isa = PBXFileReference; lastKnownFileType = image.jpeg; path = IMG_4803.jpg; sourceTree = "<group>"; };
		ED7D1E8729781B520036695E /* IMG_4885.jpg */ = {isa = PBXFileReference; lastKnownFileType = image.jpeg; path = IMG_4885.jpg; sourceTree = "<group>"; };
		ED7D1E8829781B520036695E /* IMG_4886.jpg */ = {isa = PBXFileReference; lastKnownFileType = image.jpeg; path = IMG_4886.jpg; sourceTree = "<group>"; };
		ED7D1E8929781B520036695E /* IMG_4763.jpg */ = {isa = PBXFileReference; lastKnownFileType = image.jpeg; path = IMG_4763.jpg; sourceTree = "<group>"; };
		ED7D1E8A29781B520036695E /* IMG_4824.jpg */ = {isa = PBXFileReference; lastKnownFileType = image.jpeg; path = IMG_4824.jpg; sourceTree = "<group>"; };
		ED7D1E8B29781B530036695E /* IMG_07232.jpg */ = {isa = PBXFileReference; lastKnownFileType = image.jpeg; path = IMG_07232.jpg; sourceTree = "<group>"; };
		ED7D1E8C29781B530036695E /* IMG_4887.jpg */ = {isa = PBXFileReference; lastKnownFileType = image.jpeg; path = IMG_4887.jpg; sourceTree = "<group>"; };
		ED7D1E8D29781B530036695E /* IMG_4823.jpg */ = {isa = PBXFileReference; lastKnownFileType = image.jpeg; path = IMG_4823.jpg; sourceTree = "<group>"; };
		ED7D1E8E29781B530036695E /* IMG_4915.jpg */ = {isa = PBXFileReference; lastKnownFileType = image.jpeg; path = IMG_4915.jpg; sourceTree = "<group>"; };
		ED7D1E8F29781B530036695E /* IMG_4906.jpg */ = {isa = PBXFileReference; lastKnownFileType = image.jpeg; path = IMG_4906.jpg; sourceTree = "<group>"; };
		EDB644CB296EDD88000C9AD4 /* Abertura193.jpg */ = {isa = PBXFileReference; lastKnownFileType = image.jpeg; path = Abertura193.jpg; sourceTree = "<group>"; };
		EDB644CF296EDEDF000C9AD4 /* AberIMG_4924.jpg */ = {isa = PBXFileReference; lastKnownFileType = image.jpeg; path = AberIMG_4924.jpg; sourceTree = "<group>"; };
		EDCE029429709BA300EA599C /* DetailViewController.swift */ = {isa = PBXFileReference; lastKnownFileType = sourcecode.swift; path = DetailViewController.swift; sourceTree = "<group>"; };
/* End PBXFileReference section */

/* Begin PBXFrameworksBuildPhase section */
		ED144AB3296C3BC8006BA532 /* Frameworks */ = {
			isa = PBXFrameworksBuildPhase;
			buildActionMask = 2147483647;
			files = (
			);
			runOnlyForDeploymentPostprocessing = 0;
		};
/* End PBXFrameworksBuildPhase section */

/* Begin PBXGroup section */
		ED144AAD296C3BC8006BA532 = {
			isa = PBXGroup;
			children = (
				ED144AB8296C3BC8006BA532 /* MyApp */,
				ED144AB7296C3BC8006BA532 /* Products */,
			);
			sourceTree = "<group>";
		};
		ED144AB7296C3BC8006BA532 /* Products */ = {
			isa = PBXGroup;
			children = (
				ED144AB6296C3BC8006BA532 /* MyApp.app */,
			);
			name = Products;
			sourceTree = "<group>";
		};
		ED144AB8296C3BC8006BA532 /* MyApp */ = {
			isa = PBXGroup;
			children = (
				ED144AB9296C3BC8006BA532 /* AppDelegate.swift */,
				ED144ABB296C3BC8006BA532 /* SceneDelegate.swift */,
				ED144ABD296C3BC8006BA532 /* ViewController.swift */,
				EDCE029429709BA300EA599C /* DetailViewController.swift */,
				ED144ABF296C3BC8006BA532 /* Main.storyboard */,
				ED144AC2296C3BC9006BA532 /* Assets.xcassets */,
				ED144AC4296C3BC9006BA532 /* LaunchScreen.storyboard */,
				ED144AC7296C3BC9006BA532 /* Info.plist */,
				EDB644CB296EDD88000C9AD4 /* Abertura193.jpg */,
				EDB644CF296EDEDF000C9AD4 /* AberIMG_4924.jpg */,
				ED7D1E8929781B520036695E /* IMG_4763.jpg */,
				ED7D1E8229781B520036695E /* IMG_4766.jpg */,
				ED7D1E8129781B520036695E /* IMG_4782.jpg */,
				ED7D1E8629781B520036695E /* IMG_4803.jpg */,
				ED7D1E8D29781B530036695E /* IMG_4823.jpg */,
				ED7D1E8A29781B520036695E /* IMG_4824.jpg */,
				ED7D1E8329781B520036695E /* IMG_4827.jpg */,
				ED7D1E8529781B520036695E /* IMG_4828.jpg */,
				ED7D1E8429781B520036695E /* IMG_4877.jpg */,
				ED7D1E8029781B520036695E /* IMG_4884.jpg */,
				ED7D1E8729781B520036695E /* IMG_4885.jpg */,
				ED7D1E8829781B520036695E /* IMG_4886.jpg */,
				ED7D1E8C29781B530036695E /* IMG_4887.jpg */,
				ED7D1E8F29781B530036695E /* IMG_4906.jpg */,
				ED7D1E8E29781B530036695E /* IMG_4915.jpg */,
				ED7D1E8B29781B530036695E /* IMG_07232.jpg */,
			);
			path = MyApp;
			sourceTree = "<group>";
		};
/* End PBXGroup section */

/* Begin PBXNativeTarget section */
		ED144AB5296C3BC8006BA532 /* MyApp */ = {
			isa = PBXNativeTarget;
			buildConfigurationList = ED144ACA296C3BC9006BA532 /* Build configuration list for PBXNativeTarget "MyApp" */;
			buildPhases = (
				ED144AB2296C3BC8006BA532 /* Sources */,
				ED144AB3296C3BC8006BA532 /* Frameworks */,
				ED144AB4296C3BC8006BA532 /* Resources */,
			);
			buildRules = (
			);
			dependencies = (
			);
			name = MyApp;
			productName = MyApp;
			productReference = ED144AB6296C3BC8006BA532 /* MyApp.app */;
			productType = "com.apple.product-type.application";
		};
/* End PBXNativeTarget section */

/* Begin PBXProject section */
		ED144AAE296C3BC8006BA532 /* Project object */ = {
			isa = PBXProject;
			attributes = {
				BuildIndependentTargetsInParallel = 1;
				LastSwiftUpdateCheck = 1420;
				LastUpgradeCheck = 1420;
				TargetAttributes = {
					ED144AB5296C3BC8006BA532 = {
						CreatedOnToolsVersion = 14.2;
					};
				};
			};
			buildConfigurationList = ED144AB1296C3BC8006BA532 /* Build configuration list for PBXProject "MyApp" */;
			compatibilityVersion = "Xcode 14.0";
			developmentRegion = en;
			hasScannedForEncodings = 0;
			knownRegions = (
				en,
				Base,
			);
			mainGroup = ED144AAD296C3BC8006BA532;
			productRefGroup = ED144AB7296C3BC8006BA532 /* Products */;
			projectDirPath = "";
			projectRoot = "";
			targets = (
				ED144AB5296C3BC8006BA532 /* MyApp */,
			);
		};
/* End PBXProject section */

/* Begin PBXResourcesBuildPhase section */
		ED144AB4296C3BC8006BA532 /* Resources */ = {
			isa = PBXResourcesBuildPhase;
			buildActionMask = 2147483647;
			files = (
				ED7D1E9F29781B530036695E /* IMG_4906.jpg in Resources */,
				ED7D1E9929781B530036695E /* IMG_4763.jpg in Resources */,
				ED7D1E9B29781B530036695E /* IMG_07232.jpg in Resources */,
				ED7D1E9129781B530036695E /* IMG_4782.jpg in Resources */,
				ED144AC6296C3BC9006BA532 /* LaunchScreen.storyboard in Resources */,
				EDB644CC296EDD88000C9AD4 /* Abertura193.jpg in Resources */,
				ED7D1E9829781B530036695E /* IMG_4886.jpg in Resources */,
				ED7D1E9C29781B530036695E /* IMG_4887.jpg in Resources */,
				ED144AC3296C3BC9006BA532 /* Assets.xcassets in Resources */,
				ED7D1E9029781B530036695E /* IMG_4884.jpg in Resources */,
				ED7D1E9429781B530036695E /* IMG_4877.jpg in Resources */,
				ED7D1E9E29781B530036695E /* IMG_4915.jpg in Resources */,
				ED7D1E9629781B530036695E /* IMG_4803.jpg in Resources */,
				ED7D1E9A29781B530036695E /* IMG_4824.jpg in Resources */,
				ED7D1E9729781B530036695E /* IMG_4885.jpg in Resources */,
				EDB644D0296EDEDF000C9AD4 /* AberIMG_4924.jpg in Resources */,
				ED7D1E9329781B530036695E /* IMG_4827.jpg in Resources */,
				ED7D1E9529781B530036695E /* IMG_4828.jpg in Resources */,
				ED7D1E9229781B530036695E /* IMG_4766.jpg in Resources */,
				ED144AC1296C3BC8006BA532 /* Main.storyboard in Resources */,
				ED7D1E9D29781B530036695E /* IMG_4823.jpg in Resources */,
			);
			runOnlyForDeploymentPostprocessing = 0;
		};
/* End PBXResourcesBuildPhase section */

/* Begin PBXSourcesBuildPhase section */
		ED144AB2296C3BC8006BA532 /* Sources */ = {
			isa = PBXSourcesBuildPhase;
			buildActionMask = 2147483647;
			files = (
				ED144ABE296C3BC8006BA532 /* ViewController.swift in Sources */,
				ED144ABA296C3BC8006BA532 /* AppDelegate.swift in Sources */,
				ED144ABC296C3BC8006BA532 /* SceneDelegate.swift in Sources */,
				EDCE029529709BA300EA599C /* DetailViewController.swift in Sources */,
			);
			runOnlyForDeploymentPostprocessing = 0;
		};
/* End PBXSourcesBuildPhase section */

/* Begin PBXVariantGroup section */
		ED144ABF296C3BC8006BA532 /* Main.storyboard */ = {
			isa = PBXVariantGroup;
			children = (
				ED144AC0296C3BC8006BA532 /* Base */,
			);
			name = Main.storyboard;
			sourceTree = "<group>";
		};
		ED144AC4296C3BC9006BA532 /* LaunchScreen.storyboard */ = {
			isa = PBXVariantGroup;
			children = (
				ED144AC5296C3BC9006BA532 /* Base */,
			);
			name = LaunchScreen.storyboard;
			sourceTree = "<group>";
		};
/* End PBXVariantGroup section */

/* Begin XCBuildConfiguration section */
		ED144AC8296C3BC9006BA532 /* Debug */ = {
			isa = XCBuildConfiguration;
			buildSettings = {
				ALWAYS_SEARCH_USER_PATHS = NO;
				CLANG_ANALYZER_NONNULL = YES;
				CLANG_ANALYZER_NUMBER_OBJECT_CONVERSION = YES_AGGRESSIVE;
				CLANG_CXX_LANGUAGE_STANDARD = "gnu++20";
				CLANG_ENABLE_MODULES = YES;
				CLANG_ENABLE_OBJC_ARC = YES;
				CLANG_ENABLE_OBJC_WEAK = YES;
				CLANG_WARN_BLOCK_CAPTURE_AUTORELEASING = YES;
				CLANG_WARN_BOOL_CONVERSION = YES;
				CLANG_WARN_COMMA = YES;
				CLANG_WARN_CONSTANT_CONVERSION = YES;
				CLANG_WARN_DEPRECATED_OBJC_IMPLEMENTATIONS = YES;
				CLANG_WARN_DIRECT_OBJC_ISA_USAGE = YES_ERROR;
				CLANG_WARN_DOCUMENTATION_COMMENTS = YES;
				CLANG_WARN_EMPTY_BODY = YES;
				CLANG_WARN_ENUM_CONVERSION = YES;
				CLANG_WARN_INFINITE_RECURSION = YES;
				CLANG_WARN_INT_CONVERSION = YES;
				CLANG_WARN_NON_LITERAL_NULL_CONVERSION = YES;
				CLANG_WARN_OBJC_IMPLICIT_RETAIN_SELF = YES;
				CLANG_WARN_OBJC_LITERAL_CONVERSION = YES;
				CLANG_WARN_OBJC_ROOT_CLASS = YES_ERROR;
				CLANG_WARN_QUOTED_INCLUDE_IN_FRAMEWORK_HEADER = YES;
				CLANG_WARN_RANGE_LOOP_ANALYSIS = YES;
				CLANG_WARN_STRICT_PROTOTYPES = YES;
				CLANG_WARN_SUSPICIOUS_MOVE = YES;
				CLANG_WARN_UNGUARDED_AVAILABILITY = YES_AGGRESSIVE;
				CLANG_WARN_UNREACHABLE_CODE = YES;
				CLANG_WARN__DUPLICATE_METHOD_MATCH = YES;
				COPY_PHASE_STRIP = NO;
				DEBUG_INFORMATION_FORMAT = dwarf;
				ENABLE_STRICT_OBJC_MSGSEND = YES;
				ENABLE_TESTABILITY = YES;
				GCC_C_LANGUAGE_STANDARD = gnu11;
				GCC_DYNAMIC_NO_PIC = NO;
				GCC_NO_COMMON_BLOCKS = YES;
				GCC_OPTIMIZATION_LEVEL = 0;
				GCC_PREPROCESSOR_DEFINITIONS = (
					"DEBUG=1",
					"$(inherited)",
				);
				GCC_WARN_64_TO_32_BIT_CONVERSION = YES;
				GCC_WARN_ABOUT_RETURN_TYPE = YES_ERROR;
				GCC_WARN_UNDECLARED_SELECTOR = YES;
				GCC_WARN_UNINITIALIZED_AUTOS = YES_AGGRESSIVE;
				GCC_WARN_UNUSED_FUNCTION = YES;
				GCC_WARN_UNUSED_VARIABLE = YES;
				IPHONEOS_DEPLOYMENT_TARGET = 16.2;
				MTL_ENABLE_DEBUG_INFO = INCLUDE_SOURCE;
				MTL_FAST_MATH = YES;
				ONLY_ACTIVE_ARCH = YES;
				SDKROOT = iphoneos;
				SWIFT_ACTIVE_COMPILATION_CONDITIONS = DEBUG;
				SWIFT_OPTIMIZATION_LEVEL = "-Onone";
			};
			name = Debug;
		};
		ED144AC9296C3BC9006BA532 /* Release */ = {
			isa = XCBuildConfiguration;
			buildSettings = {
				ALWAYS_SEARCH_USER_PATHS = NO;
				CLANG_ANALYZER_NONNULL = YES;
				CLANG_ANALYZER_NUMBER_OBJECT_CONVERSION = YES_AGGRESSIVE;
				CLANG_CXX_LANGUAGE_STANDARD = "gnu++20";
				CLANG_ENABLE_MODULES = YES;
				CLANG_ENABLE_OBJC_ARC = YES;
				CLANG_ENABLE_OBJC_WEAK = YES;
				CLANG_WARN_BLOCK_CAPTURE_AUTORELEASING = YES;
				CLANG_WARN_BOOL_CONVERSION = YES;
				CLANG_WARN_COMMA = YES;
				CLANG_WARN_CONSTANT_CONVERSION = YES;
				CLANG_WARN_DEPRECATED_OBJC_IMPLEMENTATIONS = YES;
				CLANG_WARN_DIRECT_OBJC_ISA_USAGE = YES_ERROR;
				CLANG_WARN_DOCUMENTATION_COMMENTS = YES;
				CLANG_WARN_EMPTY_BODY = YES;
				CLANG_WARN_ENUM_CONVERSION = YES;
				CLANG_WARN_INFINITE_RECURSION = YES;
				CLANG_WARN_INT_CONVERSION = YES;
				CLANG_WARN_NON_LITERAL_NULL_CONVERSION = YES;
				CLANG_WARN_OBJC_IMPLICIT_RETAIN_SELF = YES;
				CLANG_WARN_OBJC_LITERAL_CONVERSION = YES;
				CLANG_WARN_OBJC_ROOT_CLASS = YES_ERROR;
				CLANG_WARN_QUOTED_INCLUDE_IN_FRAMEWORK_HEADER = YES;
				CLANG_WARN_RANGE_LOOP_ANALYSIS = YES;
				CLANG_WARN_STRICT_PROTOTYPES = YES;
				CLANG_WARN_SUSPICIOUS_MOVE = YES;
				CLANG_WARN_UNGUARDED_AVAILABILITY = YES_AGGRESSIVE;
				CLANG_WARN_UNREACHABLE_CODE = YES;
				CLANG_WARN__DUPLICATE_METHOD_MATCH = YES;
				COPY_PHASE_STRIP = NO;
				DEBUG_INFORMATION_FORMAT = "dwarf-with-dsym";
				ENABLE_NS_ASSERTIONS = NO;
				ENABLE_STRICT_OBJC_MSGSEND = YES;
				GCC_C_LANGUAGE_STANDARD = gnu11;
				GCC_NO_COMMON_BLOCKS = YES;
				GCC_WARN_64_TO_32_BIT_CONVERSION = YES;
				GCC_WARN_ABOUT_RETURN_TYPE = YES_ERROR;
				GCC_WARN_UNDECLARED_SELECTOR = YES;
				GCC_WARN_UNINITIALIZED_AUTOS = YES_AGGRESSIVE;
				GCC_WARN_UNUSED_FUNCTION = YES;
				GCC_WARN_UNUSED_VARIABLE = YES;
				IPHONEOS_DEPLOYMENT_TARGET = 16.2;
				MTL_ENABLE_DEBUG_INFO = NO;
				MTL_FAST_MATH = YES;
				SDKROOT = iphoneos;
				SWIFT_COMPILATION_MODE = wholemodule;
				SWIFT_OPTIMIZATION_LEVEL = "-O";
				VALIDATE_PRODUCT = YES;
			};
			name = Release;
		};
		ED144ACB296C3BC9006BA532 /* Debug */ = {
			isa = XCBuildConfiguration;
			buildSettings = {
				ASSETCATALOG_COMPILER_APPICON_NAME = AppIcon;
				ASSETCATALOG_COMPILER_GLOBAL_ACCENT_COLOR_NAME = AccentColor;
				CODE_SIGN_STYLE = Automatic;
				CURRENT_PROJECT_VERSION = 1;
				DEVELOPMENT_TEAM = 2Y48Z77HM3;
				GENERATE_INFOPLIST_FILE = YES;
				INFOPLIST_FILE = MyApp/Info.plist;
				INFOPLIST_KEY_UIApplicationSupportsIndirectInputEvents = YES;
				INFOPLIST_KEY_UILaunchStoryboardName = LaunchScreen;
				INFOPLIST_KEY_UIMainStoryboardFile = Main;
				INFOPLIST_KEY_UISupportedInterfaceOrientations_iPad = "UIInterfaceOrientationPortrait UIInterfaceOrientationPortraitUpsideDown UIInterfaceOrientationLandscapeLeft UIInterfaceOrientationLandscapeRight";
				INFOPLIST_KEY_UISupportedInterfaceOrientations_iPhone = "UIInterfaceOrientationPortrait UIInterfaceOrientationLandscapeLeft UIInterfaceOrientationLandscapeRight";
				LD_RUNPATH_SEARCH_PATHS = (
					"$(inherited)",
					"@executable_path/Frameworks",
				);
				MARKETING_VERSION = 1.0;
				PRODUCT_BUNDLE_IDENTIFIER = com.example.MyApp;
				PRODUCT_NAME = "$(TARGET_NAME)";
				SWIFT_EMIT_LOC_STRINGS = YES;
				SWIFT_VERSION = 5.0;
				TARGETED_DEVICE_FAMILY = "1,2";
			};
			name = Debug;
		};
		ED144ACC296C3BC9006BA532 /* Release */ = {
			isa = XCBuildConfiguration;
			buildSettings = {
				ASSETCATALOG_COMPILER_APPICON_NAME = AppIcon;
				ASSETCATALOG_COMPILER_GLOBAL_ACCENT_COLOR_NAME = AccentColor;
				CODE_SIGN_STYLE = Automatic;
				CURRENT_PROJECT_VERSION = 1;
				DEVELOPMENT_TEAM = 2Y48Z77HM3;
				GENERATE_INFOPLIST_FILE = YES;
				INFOPLIST_FILE = MyApp/Info.plist;
				INFOPLIST_KEY_UIApplicationSupportsIndirectInputEvents = YES;
				INFOPLIST_KEY_UILaunchStoryboardName = LaunchScreen;
				INFOPLIST_KEY_UIMainStoryboardFile = Main;
				INFOPLIST_KEY_UISupportedInterfaceOrientations_iPad = "UIInterfaceOrientationPortrait UIInterfaceOrientationPortraitUpsideDown UIInterfaceOrientationLandscapeLeft UIInterfaceOrientationLandscapeRight";
				INFOPLIST_KEY_UISupportedInterfaceOrientations_iPhone = "UIInterfaceOrientationPortrait UIInterfaceOrientationLandscapeLeft UIInterfaceOrientationLandscapeRight";
				LD_RUNPATH_SEARCH_PATHS = (
					"$(inherited)",
					"@executable_path/Frameworks",
				);
				MARKETING_VERSION = 1.0;
				PRODUCT_BUNDLE_IDENTIFIER = com.example.MyApp;
				PRODUCT_NAME = "$(TARGET_NAME)";
				SWIFT_EMIT_LOC_STRINGS = YES;
				SWIFT_VERSION = 5.0;
				TARGETED_DEVICE_FAMILY = "1,2";
			};
			name = Release;
		};
/* End XCBuildConfiguration section */

/* Begin XCConfigurationList section */
		ED144AB1296C3BC8006BA532 /* Build configuration list for PBXProject "MyApp" */ = {
			isa = XCConfigurationList;
			buildConfigurations = (
				ED144AC8296C3BC9006BA532 /* Debug */,
				ED144AC9296C3BC9006BA532 /* Release */,
			);
			defaultConfigurationIsVisible = 0;
			defaultConfigurationName = Release;
		};
		ED144ACA296C3BC9006BA532 /* Build configuration list for PBXNativeTarget "MyApp" */ = {
			isa = XCConfigurationList;
			buildConfigurations = (
				ED144ACB296C3BC9006BA532 /* Debug */,
				ED144ACC296C3BC9006BA532 /* Release */,
			);
			defaultConfigurationIsVisible = 0;
			defaultConfigurationName = Release;
		};
/* End XCConfigurationList section */
	};
	rootObject = ED144AAE296C3BC8006BA532 /* Project object */;
}
